{
  "name": "scratch",
  "version": "1.0.0",
  "lockfileVersion": 3,
  "requires": true,
  "packages": {
    "": {
      "name": "scratch",
      "version": "1.0.0",
      "license": "ISC",
      "dependencies": {
        "mkdir": "^0.0.2",
        "mkdirp-promise": "^5.0.1"
      }
    },
    "node_modules/mkdir": {
      "version": "0.0.2",
      "resolved": "https://registry.npmjs.org/mkdir/-/mkdir-0.0.2.tgz",
      "integrity": "sha512-98OnjcWaNEIRUJJe9rFoWlbkQ5n9z8F86wIPCrI961YEViiVybTuJln919WuuSHSnlrqXy0ELKCntoPy8C7lqg==",
      "engines": {
        "node": ">=0.4.0"
      }
    },
    "node_modules/mkdirp": {
      "version": "3.0.1",
      "resolved": "https://registry.npmjs.org/mkdirp/-/mkdirp-3.0.1.tgz",
      "integrity": "sha512-+NsyUUAZDmo6YVHzL/stxSu3t9YS1iljliy3BSDrXJ/dkn1KYdmtZODGGjLcc9XLgVVpH4KshHB8XmZgMhaBXg==",
      "license": "MIT",
      "bin": {
        "mkdirp": "dist/cjs/src/bin.js"
      },
      "engines": {
        "node": ">=10"
      },
      "funding": {
        "url": "https://github.com/sponsors/isaacs"
      }
    },
    "node_modules/mkdirp-promise": {
      "version": "5.0.1",
      "resolved": "https://registry.npmjs.org/mkdirp-promise/-/mkdirp-promise-5.0.1.tgz",
      "integrity": "sha512-Hepn5kb1lJPtVW84RFT40YG1OddBNTOVUZR2bzQUHc+Z03en8/3uX0+060JDhcEzyO08HmipsN9DcnFMxhIL9w==",
      "deprecated": "This package is broken and no longer maintained. 'mkdirp' itself supports promises now, please switch to that.",
      "license": "ISC",
      "dependencies": {
        "mkdirp": "*"
      },
      "engines": {
        "node": ">=4"
      }
    }
  }
}
